
Microsoft Visual Studio Solution File, Format Version 12.00
# Visual Studio Version 17
VisualStudioVersion = 17.14.36127.28 d17.14
MinimumVisualStudioVersion = 10.0.40219.1
Project("{FAE04EC0-301F-11D3-BF4B-00C04F79EFBC}") = "WebApplication1", "WebApplication1\WebApplication1.csproj", "{DF002467-1B19-4439-B363-E54A32FA4372}"
EndProject
Global
	GlobalSection(SolutionConfigurationPlatforms) = preSolution
		Debug|Any CPU = Debug|Any CPU
		Release|Any CPU = Release|Any CPU
	EndGlobalSection
	GlobalSection(ProjectConfigurationPlatforms) = postSolution
		{DF002467-1B19-4439-B363-E54A32FA4372}.Debug|Any CPU.ActiveCfg = Debug|Any CPU
		{DF002467-1B19-4439-B363-E54A32FA4372}.Debug|Any CPU.Build.0 = Debug|Any CPU
		{DF002467-1B19-4439-B363-E54A32FA4372}.Release|Any CPU.ActiveCfg = Release|Any CPU
		{DF002467-1B19-4439-B363-E54A32FA4372}.Release|Any CPU.Build.0 = Release|Any CPU
	EndGlobalSection
	GlobalSection(SolutionProperties) = preSolution
		HideSolutionNode = FALSE
	EndGlobalSection
	GlobalSection(ExtensibilityGlobals) = postSolution
		SolutionGuid = {A30ED0B2-DB67-487C-B319-B5EC2EC00B87}
	EndGlobalSection
EndGlobal
